# This file is automatically @generated by Cargo.
# It is not intended for manual editing.
version = 4

[[package]]
name = "libc"
version = "0.2.186"
source = "registry+https://github.com/rust-lang/crates.io-index"
checksum = "68ab91017fe16c622486840e4c83c9a37afeff978bd239b5293d61ece587de66"

[[package]]
name = "revolver"
version = "0.2.3"
dependencies = [
 "libc",
 "znative",
]

[[package]]
name = "znative"
version = "0.12.22"
source = "registry+https://github.com/rust-lang/crates.io-index"
checksum = "52e9cca6ce19c5fa9b438777db08ff179d391c1a6da90223dda8b04019118442"
